
Microsoft Visual Studio Solution File, Format Version 12.00
# Visual Studio Version 16
VisualStudioVersion = 16.0.28917.181
MinimumVisualStudioVersion = 10.0.40219.1
Project("{FAE04EC0-301F-11D3-BF4B-00C04F79EFBC}") = "S3TrayApplication", "S3TrayApplication\S3TrayApplication.csproj", "{0B9F3D65-5C62-4F31-AC58-97BA79A37B0C}"
EndProject
Project("{FAE04EC0-301F-11D3-BF4B-00C04F79EFBC}") = "FileSystemMonitor", "FileMonitor\FileSystemMonitor.csproj", "{CDDFC85E-9AFA-4E12-89C6-F81E190140F2}"
EndProject
Project("{FAE04EC0-301F-11D3-BF4B-00C04F79EFBC}") = "TestProject", "UnitTestProject1\TestProject.csproj", "{A25CD2D4-B379-4562-8142-9A63D4109D37}"
EndProject
Global
	GlobalSection(SolutionConfigurationPlatforms) = preSolution
		Debug|Any CPU = Debug|Any CPU
		Release|Any CPU = Release|Any CPU
	EndGlobalSection
	GlobalSection(ProjectConfigurationPlatforms) = postSolution
		{0B9F3D65-5C62-4F31-AC58-97BA79A37B0C}.Debug|Any CPU.ActiveCfg = Debug|Any CPU
		{0B9F3D65-5C62-4F31-AC58-97BA79A37B0C}.Debug|Any CPU.Build.0 = Debug|Any CPU
		{0B9F3D65-5C62-4F31-AC58-97BA79A37B0C}.Release|Any CPU.ActiveCfg = Release|Any CPU
		{0B9F3D65-5C62-4F31-AC58-97BA79A37B0C}.Release|Any CPU.Build.0 = Release|Any CPU
		{CDDFC85E-9AFA-4E12-89C6-F81E190140F2}.Debug|Any CPU.ActiveCfg = Debug|Any CPU
		{CDDFC85E-9AFA-4E12-89C6-F81E190140F2}.Debug|Any CPU.Build.0 = Debug|Any CPU
		{CDDFC85E-9AFA-4E12-89C6-F81E190140F2}.Release|Any CPU.ActiveCfg = Release|Any CPU
		{CDDFC85E-9AFA-4E12-89C6-F81E190140F2}.Release|Any CPU.Build.0 = Release|Any CPU
		{A25CD2D4-B379-4562-8142-9A63D4109D37}.Debug|Any CPU.ActiveCfg = Debug|Any CPU
		{A25CD2D4-B379-4562-8142-9A63D4109D37}.Debug|Any CPU.Build.0 = Debug|Any CPU
		{A25CD2D4-B379-4562-8142-9A63D4109D37}.Release|Any CPU.ActiveCfg = Release|Any CPU
		{A25CD2D4-B379-4562-8142-9A63D4109D37}.Release|Any CPU.Build.0 = Release|Any CPU
	EndGlobalSection
	GlobalSection(SolutionProperties) = preSolution
		HideSolutionNode = FALSE
	EndGlobalSection
	GlobalSection(ExtensibilityGlobals) = postSolution
		SolutionGuid = {6FDA732D-2C44-4EF5-81C1-BB46C4B5093F}
	EndGlobalSection
EndGlobal
